
Microsoft Visual Studio Solution File, Format Version 12.00
# Visual Studio Version 16
VisualStudioVersion = 16.0.32106.194
MinimumVisualStudioVersion = 10.0.40219.1
Project("{8BC9CEB8-8B4A-11D0-8D11-00A0C91BC942}") = "ia32", "ia32\ia32.vcxproj", "{CC88B2D3-94BB-4A3B-B8D7-E759A93B53D1}"
EndProject
Project("{8BC9CEB8-8B4A-11D0-8D11-00A0C91BC942}") = "GocaineP32", "GocaineP32\GocaineP32.vcxproj", "{A3FE32A6-B520-4D7B-BFC4-B7BC1AD26A49}"
EndProject
Global
	GlobalSection(SolutionConfigurationPlatforms) = preSolution
		Debug|x64 = Debug|x64
		Debug|x86 = Debug|x86
		Release|x64 = Release|x64
		Release|x86 = Release|x86
	EndGlobalSection
	GlobalSection(ProjectConfigurationPlatforms) = postSolution
		{CC88B2D3-94BB-4A3B-B8D7-E759A93B53D1}.Debug|x64.ActiveCfg = Debug|x64
		{CC88B2D3-94BB-4A3B-B8D7-E759A93B53D1}.Debug|x64.Build.0 = Debug|x64
		{CC88B2D3-94BB-4A3B-B8D7-E759A93B53D1}.Debug|x86.ActiveCfg = Debug|Win32
		{CC88B2D3-94BB-4A3B-B8D7-E759A93B53D1}.Debug|x86.Build.0 = Debug|Win32
		{CC88B2D3-94BB-4A3B-B8D7-E759A93B53D1}.Release|x64.ActiveCfg = Release|x64
		{CC88B2D3-94BB-4A3B-B8D7-E759A93B53D1}.Release|x64.Build.0 = Release|x64
		{CC88B2D3-94BB-4A3B-B8D7-E759A93B53D1}.Release|x86.ActiveCfg = Release|Win32
		{CC88B2D3-94BB-4A3B-B8D7-E759A93B53D1}.Release|x86.Build.0 = Release|Win32
		{A3FE32A6-B520-4D7B-BFC4-B7BC1AD26A49}.Debug|x64.ActiveCfg = Debug|x64
		{A3FE32A6-B520-4D7B-BFC4-B7BC1AD26A49}.Debug|x64.Build.0 = Debug|x64
		{A3FE32A6-B520-4D7B-BFC4-B7BC1AD26A49}.Debug|x86.ActiveCfg = Debug|Win32
		{A3FE32A6-B520-4D7B-BFC4-B7BC1AD26A49}.Debug|x86.Build.0 = Debug|Win32
		{A3FE32A6-B520-4D7B-BFC4-B7BC1AD26A49}.Release|x64.ActiveCfg = Release|x64
		{A3FE32A6-B520-4D7B-BFC4-B7BC1AD26A49}.Release|x64.Build.0 = Release|x64
		{A3FE32A6-B520-4D7B-BFC4-B7BC1AD26A49}.Release|x86.ActiveCfg = Release|Win32
		{A3FE32A6-B520-4D7B-BFC4-B7BC1AD26A49}.Release|x86.Build.0 = Release|Win32
	EndGlobalSection
	GlobalSection(SolutionProperties) = preSolution
		HideSolutionNode = FALSE
	EndGlobalSection
	GlobalSection(ExtensibilityGlobals) = postSolution
		SolutionGuid = {3845F302-09B8-461D-89F3-30132868AE23}
	EndGlobalSection
EndGlobal
